
Microsoft Visual Studio Solution File, Format Version 12.00
Project("{FAE04EC0-301F-11D3-BF4B-00C04F79EFBC}") = "NetChecker", "NetChecker\NetChecker.csproj", "{A1C2355E-8FEF-4400-A2FC-6F2113362CEC}"
EndProject
Project("{FAE04EC0-301F-11D3-BF4B-00C04F79EFBC}") = "tests", "tests\tests.csproj", "{3F8ADB4F-A248-4B9F-9EB0-C9DA80DBEF4F}"
EndProject
Global
	GlobalSection(SolutionConfigurationPlatforms) = preSolution
		Debug|Any CPU = Debug|Any CPU
		Release|Any CPU = Release|Any CPU
	EndGlobalSection
	GlobalSection(ProjectConfigurationPlatforms) = postSolution
		{A1C2355E-8FEF-4400-A2FC-6F2113362CEC}.Debug|Any CPU.ActiveCfg = Debug|Any CPU
		{A1C2355E-8FEF-4400-A2FC-6F2113362CEC}.Debug|Any CPU.Build.0 = Debug|Any CPU
		{A1C2355E-8FEF-4400-A2FC-6F2113362CEC}.Release|Any CPU.ActiveCfg = Release|Any CPU
		{A1C2355E-8FEF-4400-A2FC-6F2113362CEC}.Release|Any CPU.Build.0 = Release|Any CPU
		{3F8ADB4F-A248-4B9F-9EB0-C9DA80DBEF4F}.Debug|Any CPU.ActiveCfg = Debug|Any CPU
		{3F8ADB4F-A248-4B9F-9EB0-C9DA80DBEF4F}.Debug|Any CPU.Build.0 = Debug|Any CPU
		{3F8ADB4F-A248-4B9F-9EB0-C9DA80DBEF4F}.Release|Any CPU.ActiveCfg = Release|Any CPU
		{3F8ADB4F-A248-4B9F-9EB0-C9DA80DBEF4F}.Release|Any CPU.Build.0 = Release|Any CPU
	EndGlobalSection
EndGlobal
